// !$*UTF8*$!
{
	archiveVersion = 1;
	classes = {
	};
	objectVersion = 50;
	objects = {

/* Begin PBXBuildFile section */
		196C9D8025EEBEE0002F3561 /* AppDelegate.swift in Sources */ = {isa = PBXBuildFile; fileRef = 196C9D7F25EEBEE0002F3561 /* AppDelegate.swift */; };
		196C9D8225EEBEE0002F3561 /* SceneDelegate.swift in Sources */ = {isa = PBXBuildFile; fileRef = 196C9D8125EEBEE0002F3561 /* SceneDelegate.swift */; };
		196C9D8925EEBEE4002F3561 /* Assets.xcassets in Resources */ = {isa = PBXBuildFile; fileRef = 196C9D8825EEBEE4002F3561 /* Assets.xcassets */; };
		196C9D8C25EEBEE4002F3561 /* LaunchScreen.storyboard in Resources */ = {isa = PBXBuildFile; fileRef = 196C9D8A25EEBEE4002F3561 /* LaunchScreen.storyboard */; };
		196C9DA325F53F40002F3561 /* DocumentViewerVC.swift in Sources */ = {isa = PBXBuildFile; fileRef = 196C9DA225F53F40002F3561 /* DocumentViewerVC.swift */; };
		196C9DAB25F551F1002F3561 /* MainVC.swift in Sources */ = {isa = PBXBuildFile; fileRef = 196C9DAA25F551F1002F3561 /* MainVC.swift */; };
/* End PBXBuildFile section */

/* Begin PBXFileReference section */
		196C9D7C25EEBEE0002F3561 /* slim-film.app */ = {isa = PBXFileReference; explicitFileType = wrapper.application; includeInIndex = 0; path = "slim-film.app"; sourceTree = BUILT_PRODUCTS_DIR; };
		196C9D7F25EEBEE0002F3561 /* AppDelegate.swift */ = {isa = PBXFileReference; lastKnownFileType = sourcecode.swift; path = AppDelegate.swift; sourceTree = "<group>"; };
		196C9D8125EEBEE0002F3561 /* SceneDelegate.swift */ = {isa = PBXFileReference; lastKnownFileType = sourcecode.swift; path = SceneDelegate.swift; sourceTree = "<group>"; };
		196C9D8825EEBEE4002F3561 /* Assets.xcassets */ = {isa = PBXFileReference; lastKnownFileType = folder.assetcatalog; path = Assets.xcassets; sourceTree = "<group>"; };
		196C9D8B25EEBEE4002F3561 /* Base */ = {isa = PBXFileReference; lastKnownFileType = file.storyboard; name = Base; path = Base.lproj/LaunchScreen.storyboard; sourceTree = "<group>"; };
		196C9D8D25EEBEE4002F3561 /* Info.plist */ = {isa = PBXFileReference; lastKnownFileType = text.plist.xml; path = Info.plist; sourceTree = "<group>"; };
		196C9DA225F53F40002F3561 /* DocumentViewerVC.swift */ = {isa = PBXFileReference; lastKnownFileType = sourcecode.swift; path = DocumentViewerVC.swift; sourceTree = "<group>"; };
		196C9DAA25F551F1002F3561 /* MainVC.swift */ = {isa = PBXFileReference; lastKnownFileType = sourcecode.swift; path = MainVC.swift; sourceTree = "<group>"; };
/* End PBXFileReference section */

/* Begin PBXFrameworksBuildPhase section */
		196C9D7925EEBEE0002F3561 /* Frameworks */ = {
			isa = PBXFrameworksBuildPhase;
			buildActionMask = 2147483647;
			files = (
			);
			runOnlyForDeploymentPostprocessing = 0;
		};
/* End PBXFrameworksBuildPhase section */

/* Begin PBXGroup section */
		196C9D7325EEBEE0002F3561 = {
			isa = PBXGroup;
			children = (
				196C9D7E25EEBEE0002F3561 /* slim-film */,
				196C9D7D25EEBEE0002F3561 /* Products */,
			);
			sourceTree = "<group>";
		};
		196C9D7D25EEBEE0002F3561 /* Products */ = {
			isa = PBXGroup;
			children = (
				196C9D7C25EEBEE0002F3561 /* slim-film.app */,
			);
			name = Products;
			sourceTree = "<group>";
		};
		196C9D7E25EEBEE0002F3561 /* slim-film */ = {
			isa = PBXGroup;
			children = (
				196C9D7F25EEBEE0002F3561 /* AppDelegate.swift */,
				196C9D8125EEBEE0002F3561 /* SceneDelegate.swift */,
				196C9D8825EEBEE4002F3561 /* Assets.xcassets */,
				196C9D8A25EEBEE4002F3561 /* LaunchScreen.storyboard */,
				196C9D8D25EEBEE4002F3561 /* Info.plist */,
				196C9DA225F53F40002F3561 /* DocumentViewerVC.swift */,
				196C9DAA25F551F1002F3561 /* MainVC.swift */,
			);
			path = "slim-film";
			sourceTree = "<group>";
		};
/* End PBXGroup section */

/* Begin PBXNativeTarget section */
		196C9D7B25EEBEE0002F3561 /* slim-film */ = {
			isa = PBXNativeTarget;
			buildConfigurationList = 196C9D9025EEBEE4002F3561 /* Build configuration list for PBXNativeTarget "slim-film" */;
			buildPhases = (
				196C9D7825EEBEE0002F3561 /* Sources */,
				196C9D7925EEBEE0002F3561 /* Frameworks */,
				196C9D7A25EEBEE0002F3561 /* Resources */,
			);
			buildRules = (
			);
			dependencies = (
			);
			name = "slim-film";
			productName = "slim-film";
			productReference = 196C9D7C25EEBEE0002F3561 /* slim-film.app */;
			productType = "com.apple.product-type.application";
		};
/* End PBXNativeTarget section */

/* Begin PBXProject section */
		196C9D7425EEBEE0002F3561 /* Project object */ = {
			isa = PBXProject;
			attributes = {
				LastSwiftUpdateCheck = 1230;
				LastUpgradeCheck = 1230;
				TargetAttributes = {
					196C9D7B25EEBEE0002F3561 = {
						CreatedOnToolsVersion = 12.3;
					};
				};
			};
			buildConfigurationList = 196C9D7725EEBEE0002F3561 /* Build configuration list for PBXProject "slim-film" */;
			compatibilityVersion = "Xcode 9.3";
			developmentRegion = en;
			hasScannedForEncodings = 0;
			knownRegions = (
				en,
				Base,
			);
			mainGroup = 196C9D7325EEBEE0002F3561;
			productRefGroup = 196C9D7D25EEBEE0002F3561 /* Products */;
			projectDirPath = "";
			projectRoot = "";
			targets = (
				196C9D7B25EEBEE0002F3561 /* slim-film */,
			);
		};
/* End PBXProject section */

/* Begin PBXResourcesBuildPhase section */
		196C9D7A25EEBEE0002F3561 /* Resources */ = {
			isa = PBXResourcesBuildPhase;
			buildActionMask = 2147483647;
			files = (
				196C9D8C25EEBEE4002F3561 /* LaunchScreen.storyboard in Resources */,
				196C9D8925EEBEE4002F3561 /* Assets.xcassets in Resources */,
			);
			runOnlyForDeploymentPostprocessing = 0;
		};
/* End PBXResourcesBuildPhase section */

/* Begin PBXSourcesBuildPhase section */
		196C9D7825EEBEE0002F3561 /* Sources */ = {
			isa = PBXSourcesBuildPhase;
			buildActionMask = 2147483647;
			files = (
				196C9DA325F53F40002F3561 /* DocumentViewerVC.swift in Sources */,
				196C9D8025EEBEE0002F3561 /* AppDelegate.swift in Sources */,
				196C9D8225EEBEE0002F3561 /* SceneDelegate.swift in Sources */,
				196C9DAB25F551F1002F3561 /* MainVC.swift in Sources */,
			);
			runOnlyForDeploymentPostprocessing = 0;
		};
/* End PBXSourcesBuildPhase section */

/* Begin PBXVariantGroup section */
		196C9D8A25EEBEE4002F3561 /* LaunchScreen.storyboard */ = {
			isa = PBXVariantGroup;
			children = (
				196C9D8B25EEBEE4002F3561 /* Base */,
			);
			name = LaunchScreen.storyboard;
			sourceTree = "<group>";
		};
/* End PBXVariantGroup section */

/* Begin XCBuildConfiguration section */
		196C9D8E25EEBEE4002F3561 /* Debug */ = {
			isa = XCBuildConfiguration;
			buildSettings = {
				ALWAYS_SEARCH_USER_PATHS = NO;
				CLANG_ANALYZER_NONNULL = YES;
				CLANG_ANALYZER_NUMBER_OBJECT_CONVERSION = YES_AGGRESSIVE;
				CLANG_CXX_LANGUAGE_STANDARD = "gnu++14";
				CLANG_CXX_LIBRARY = "libc++";
				CLANG_ENABLE_MODULES = YES;
				CLANG_ENABLE_OBJC_ARC = YES;
				CLANG_ENABLE_OBJC_WEAK = YES;
				CLANG_WARN_BLOCK_CAPTURE_AUTORELEASING = YES;
				CLANG_WARN_BOOL_CONVERSION = YES;
				CLANG_WARN_COMMA = YES;
				CLANG_WARN_CONSTANT_CONVERSION = YES;
				CLANG_WARN_DEPRECATED_OBJC_IMPLEMENTATIONS = YES;
				CLANG_WARN_DIRECT_OBJC_ISA_USAGE = YES_ERROR;
				CLANG_WARN_DOCUMENTATION_COMMENTS = YES;
				CLANG_WARN_EMPTY_BODY = YES;
				CLANG_WARN_ENUM_CONVERSION = YES;
				CLANG_WARN_INFINITE_RECURSION = YES;
				CLANG_WARN_INT_CONVERSION = YES;
				CLANG_WARN_NON_LITERAL_NULL_CONVERSION = YES;
				CLANG_WARN_OBJC_IMPLICIT_RETAIN_SELF = YES;
				CLANG_WARN_OBJC_LITERAL_CONVERSION = YES;
				CLANG_WARN_OBJC_ROOT_CLASS = YES_ERROR;
				CLANG_WARN_QUOTED_INCLUDE_IN_FRAMEWORK_HEADER = YES;
				CLANG_WARN_RANGE_LOOP_ANALYSIS = YES;
				CLANG_WARN_STRICT_PROTOTYPES = YES;
				CLANG_WARN_SUSPICIOUS_MOVE = YES;
				CLANG_WARN_UNGUARDED_AVAILABILITY = YES_AGGRESSIVE;
				CLANG_WARN_UNREACHABLE_CODE = YES;
				CLANG_WARN__DUPLICATE_METHOD_MATCH = YES;
				COPY_PHASE_STRIP = NO;
				DEBUG_INFORMATION_FORMAT = dwarf;
				ENABLE_STRICT_OBJC_MSGSEND = YES;
				ENABLE_TESTABILITY = YES;
				GCC_C_LANGUAGE_STANDARD = gnu11;
				GCC_DYNAMIC_NO_PIC = NO;
				GCC_NO_COMMON_BLOCKS = YES;
				GCC_OPTIMIZATION_LEVEL = 0;
				GCC_PREPROCESSOR_DEFINITIONS = (
					"DEBUG=1",
					"$(inherited)",
				);
				GCC_WARN_64_TO_32_BIT_CONVERSION = YES;
				GCC_WARN_ABOUT_RETURN_TYPE = YES_ERROR;
				GCC_WARN_UNDECLARED_SELECTOR = YES;
				GCC_WARN_UNINITIALIZED_AUTOS = YES_AGGRESSIVE;
				GCC_WARN_UNUSED_FUNCTION = YES;
				GCC_WARN_UNUSED_VARIABLE = YES;
				IPHONEOS_DEPLOYMENT_TARGET = 14.3;
				MTL_ENABLE_DEBUG_INFO = INCLUDE_SOURCE;
				MTL_FAST_MATH = YES;
				ONLY_ACTIVE_ARCH = YES;
				SDKROOT = iphoneos;
				SWIFT_ACTIVE_COMPILATION_CONDITIONS = DEBUG;
				SWIFT_OPTIMIZATION_LEVEL = "-Onone";
			};
			name = Debug;
		};
		196C9D8F25EEBEE4002F3561 /* Release */ = {
			isa = XCBuildConfiguration;
			buildSettings = {
				ALWAYS_SEARCH_USER_PATHS = NO;
				CLANG_ANALYZER_NONNULL = YES;
				CLANG_ANALYZER_NUMBER_OBJECT_CONVERSION = YES_AGGRESSIVE;
				CLANG_CXX_LANGUAGE_STANDARD = "gnu++14";
				CLANG_CXX_LIBRARY = "libc++";
				CLANG_ENABLE_MODULES = YES;
				CLANG_ENABLE_OBJC_ARC = YES;
				CLANG_ENABLE_OBJC_WEAK = YES;
				CLANG_WARN_BLOCK_CAPTURE_AUTORELEASING = YES;
				CLANG_WARN_BOOL_CONVERSION = YES;
				CLANG_WARN_COMMA = YES;
				CLANG_WARN_CONSTANT_CONVERSION = YES;
				CLANG_WARN_DEPRECATED_OBJC_IMPLEMENTATIONS = YES;
				CLANG_WARN_DIRECT_OBJC_ISA_USAGE = YES_ERROR;
				CLANG_WARN_DOCUMENTATION_COMMENTS = YES;
				CLANG_WARN_EMPTY_BODY = YES;
				CLANG_WARN_ENUM_CONVERSION = YES;
				CLANG_WARN_INFINITE_RECURSION = YES;
				CLANG_WARN_INT_CONVERSION = YES;
				CLANG_WARN_NON_LITERAL_NULL_CONVERSION = YES;
				CLANG_WARN_OBJC_IMPLICIT_RETAIN_SELF = YES;
				CLANG_WARN_OBJC_LITERAL_CONVERSION = YES;
				CLANG_WARN_OBJC_ROOT_CLASS = YES_ERROR;
				CLANG_WARN_QUOTED_INCLUDE_IN_FRAMEWORK_HEADER = YES;
				CLANG_WARN_RANGE_LOOP_ANALYSIS = YES;
				CLANG_WARN_STRICT_PROTOTYPES = YES;
				CLANG_WARN_SUSPICIOUS_MOVE = YES;
				CLANG_WARN_UNGUARDED_AVAILABILITY = YES_AGGRESSIVE;
				CLANG_WARN_UNREACHABLE_CODE = YES;
				CLANG_WARN__DUPLICATE_METHOD_MATCH = YES;
				COPY_PHASE_STRIP = NO;
				DEBUG_INFORMATION_FORMAT = "dwarf-with-dsym";
				ENABLE_NS_ASSERTIONS = NO;
				ENABLE_STRICT_OBJC_MSGSEND = YES;
				GCC_C_LANGUAGE_STANDARD = gnu11;
				GCC_NO_COMMON_BLOCKS = YES;
				GCC_WARN_64_TO_32_BIT_CONVERSION = YES;
				GCC_WARN_ABOUT_RETURN_TYPE = YES_ERROR;
				GCC_WARN_UNDECLARED_SELECTOR = YES;
				GCC_WARN_UNINITIALIZED_AUTOS = YES_AGGRESSIVE;
				GCC_WARN_UNUSED_FUNCTION = YES;
				GCC_WARN_UNUSED_VARIABLE = YES;
				IPHONEOS_DEPLOYMENT_TARGET = 14.3;
				MTL_ENABLE_DEBUG_INFO = NO;
				MTL_FAST_MATH = YES;
				SDKROOT = iphoneos;
				SWIFT_COMPILATION_MODE = wholemodule;
				SWIFT_OPTIMIZATION_LEVEL = "-O";
				VALIDATE_PRODUCT = YES;
			};
			name = Release;
		};
		196C9D9125EEBEE4002F3561 /* Debug */ = {
			isa = XCBuildConfiguration;
			buildSettings = {
				ASSETCATALOG_COMPILER_APPICON_NAME = AppIcon;
				ASSETCATALOG_COMPILER_GLOBAL_ACCENT_COLOR_NAME = AccentColor;
				CODE_SIGN_STYLE = Automatic;
				DEVELOPMENT_TEAM = 86Z76BBX82;
				INFOPLIST_FILE = "slim-film/Info.plist";
				IPHONEOS_DEPLOYMENT_TARGET = 13.0;
				LD_RUNPATH_SEARCH_PATHS = (
					"$(inherited)",
					"@executable_path/Frameworks",
				);
				PRODUCT_BUNDLE_IDENTIFIER = "com.Amer.slim-film";
				PRODUCT_NAME = "$(TARGET_NAME)";
				SWIFT_VERSION = 5.0;
				TARGETED_DEVICE_FAMILY = 1;
			};
			name = Debug;
		};
		196C9D9225EEBEE4002F3561 /* Release */ = {
			isa = XCBuildConfiguration;
			buildSettings = {
				ASSETCATALOG_COMPILER_APPICON_NAME = AppIcon;
				ASSETCATALOG_COMPILER_GLOBAL_ACCENT_COLOR_NAME = AccentColor;
				CODE_SIGN_STYLE = Automatic;
				DEVELOPMENT_TEAM = 86Z76BBX82;
				INFOPLIST_FILE = "slim-film/Info.plist";
				IPHONEOS_DEPLOYMENT_TARGET = 13.0;
				LD_RUNPATH_SEARCH_PATHS = (
					"$(inherited)",
					"@executable_path/Frameworks",
				);
				PRODUCT_BUNDLE_IDENTIFIER = "com.Amer.slim-film";
				PRODUCT_NAME = "$(TARGET_NAME)";
				SWIFT_VERSION = 5.0;
				TARGETED_DEVICE_FAMILY = 1;
			};
			name = Release;
		};
/* End XCBuildConfiguration section */

/* Begin XCConfigurationList section */
		196C9D7725EEBEE0002F3561 /* Build configuration list for PBXProject "slim-film" */ = {
			isa = XCConfigurationList;
			buildConfigurations = (
				196C9D8E25EEBEE4002F3561 /* Debug */,
				196C9D8F25EEBEE4002F3561 /* Release */,
			);
			defaultConfigurationIsVisible = 0;
			defaultConfigurationName = Release;
		};
		196C9D9025EEBEE4002F3561 /* Build configuration list for PBXNativeTarget "slim-film" */ = {
			isa = XCConfigurationList;
			buildConfigurations = (
				196C9D9125EEBEE4002F3561 /* Debug */,
				196C9D9225EEBEE4002F3561 /* Release */,
			);
			defaultConfigurationIsVisible = 0;
			defaultConfigurationName = Release;
		};
/* End XCConfigurationList section */
	};
	rootObject = 196C9D7425EEBEE0002F3561 /* Project object */;
}
